version = 1
requires-python = ">=3.11"

[[package]]
name = "bitstruct"
version = "8.21.0"
source = { registry = "https://pypi.org/simple" }
sdist = { url = "https://files.pythonhosted.org/packages/ae/f5/ba6bf7ab575a095bb3d76ef40cccd4e60b1bda9996bfba8e640d54c00488/bitstruct-8.21.0.tar.gz", hash = "sha256:ff0be4968a45caf8688e075f55cca7a3fe9212b069ba67e5b27b0926a11948ac", size = 35597 }
wheels = [
    { url = "https://files.pythonhosted.org/packages/2f/f9/7fd48eba504533f27742c7ad2525cf472150be5c480db54097991379aabb/bitstruct-8.21.0-cp311-cp311-macosx_10_9_x86_64.whl", hash = "sha256:4ed2ebdceec1372330a4a9318a3c46983417015a160e46e27348fe7e53f8831a", size = 37890 },
    { url = "https://files.pythonhosted.org/packages/76/a9/daf8d4a36fbdcaf46ea9fe4f3c5f7b088d35d9e003545c2e398398e6c30e/bitstruct-8.21.0-cp311-cp311-macosx_11_0_arm64.whl", hash = "sha256:3969761b8b37fc6f868180389e8587ed7e04b078d6a03c20a4f30c7024fa8389", size = 38437 },
    { url = "https://files.pythonhosted.org/packages/9e/cc/cf9f70de02840fafc0968e01cefefb4739cb4b473e5805029edbf16f4370/bitstruct-8.21.0-cp311-cp311-manylinux_2_17_aarch64.manylinux2014_aarch64.whl", hash = "sha256:1f068e77c20d97bf21e693aa641e7d55c1473186f328476ba1a363f131194f42", size = 84364 },
    { url = "https://files.pythonhosted.org/packages/20/cd/65733278cf5f2c6ac1d22e165d24779c5701da2811368b0ed977b0e5706a/bitstruct-8.21.0-cp311-cp311-manylinux_2_17_armv7l.manylinux2014_armv7l.manylinux_2_31_armv7l.whl", hash = "sha256:c8c296b5358564ef956140bc0489510659e67e8e03703ef5533a7d3bdf3be1b0", size = 86688 },
    { url = "https://files.pythonhosted.org/packages/94/cf/c1d157506ca389a51dcf0c7b474926ff7ada937f290e456648815b43eaec/bitstruct-8.21.0-cp311-cp311-manylinux_2_17_x86_64.manylinux2014_x86_64.whl", hash = "sha256:760cb4993e056f514465e5801f4f1e99fab39f30c18ef5663c66aa1dd8fec3be", size = 82945 },
    { url = "https://files.pythonhosted.org/packages/90/9a/2e0b8ea7cf0d06ed2d009bc4dbd0920921716fa5a66eee3f6f723dbd5ba7/bitstruct-8.21.0-cp311-cp311-manylinux_2_5_i686.manylinux1_i686.manylinux_2_17_i686.manylinux2014_i686.whl", hash = "sha256:b5c6d1b0aa8a842ddb97f5473d2e514f599417fc3cf73d4eaa117d9400f23293", size = 77667 },
    { url = "https://files.pythonhosted.org/packages/10/b5/bcf7ac5b58b475e2565c0aaa56d09317b24781cee999bf18a0f782c51cc2/bitstruct-8.21.0-cp311-cp311-musllinux_1_2_aarch64.whl", hash = "sha256:796347dae4e9162d31cdbe69e6225edb21bd3cccf476a7fbdc6dc7d506064bc2", size = 81458 },
    { url = "https://files.pythonhosted.org/packages/2b/62/913cc3b274bc666b5f48af63d1d411f298528febe1866eb6054d37ad3500/bitstruct-8.21.0-cp311-cp311-musllinux_1_2_armv7l.whl", hash = "sha256:214bb06f69c6abaf2f8b707fe709ccf60d9c75a68736f0bf57354b7b8843cbae", size = 77569 },
    { url = "https://files.pythonhosted.org/packages/04/ab/87e8d084259d07220e8c868de115b0f0b0b88beb4651531352af93315615/bitstruct-8.21.0-cp311-cp311-musllinux_1_2_i686.whl", hash = "sha256:89a39783a8af94e3fdf42e69f99928c780abd40842715e5cbc49429de6f0c2a6", size = 75569 },
    { url = "https://files.pythonhosted.org/packages/0e/58/de694199149d6a769f19807f0d04138de0ebfcb0c20ce546a6814f28c138/bitstruct-8.21.0-cp311-cp311-musllinux_1_2_x86_64.whl", hash = "sha256:8d249947093c3b6d6c9c2ee286d9398bf5a2231a1225a1f0efb7fa52eaa252bb", size = 80606 },
    { url = "https://files.pythonhosted.org/packages/5e/6c/335ec432b9f9cc293657bf0cab1af9a597f54faf2ed235cc5cbb674ff158/bitstruct-8.21.0-cp311-cp311-win32.whl", hash = "sha256:e0bca81bb7e4cd76fbd3cf39e7b4a4bc53cbd12b996542e369ad67bb7a52ef8f", size = 34834 },
    { url = "https://files.pythonhosted.org/packages/8b/a0/35116543bef28c6617a13cf77765aaca43d9ef0c20da12b83ac43f296289/bitstruct-8.21.0-cp311-cp311-win_amd64.whl", hash = "sha256:0be6dbc5fd0777877215edc516b84fabe9b94c37d46f8828c0c7b485e6ba6f88", size = 36842 },
    { url = "https://files.pythonhosted.org/packages/5f/7e/2d93931410f1f2fa104076811be96e5a57f78197f10f5848bd5594120a58/bitstruct-8.21.0-cp312-cp312-macosx_10_13_x86_64.whl", hash = "sha256:c83ec458453ed9950ff3735b9ad5d6a19b33317729abc5aebdf11b2768b05634", size = 38170 },
    { url = "https://files.pythonhosted.org/packages/52/80/bb6be4ad966efeb2ded4394ac39819d729948464718f55f3f116c2d3e521/bitstruct-8.21.0-cp312-cp312-macosx_11_0_arm64.whl", hash = "sha256:426364d4054009003da15e37f95bd683762398949b7c544215d2613f192bc1d7", size = 38497 },
    { url = "https://files.pythonhosted.org/packages/20/15/d88dc97564cbbeba53c9f039a1a9c6b174a36286681e6f4528f3722f9914/bitstruct-8.21.0-cp312-cp312-manylinux_2_17_aarch64.manylinux2014_aarch64.whl", hash = "sha256:e1b970bed311aa269ea765bc32444beabc38e27acf203bf027b9d87a5f175e2e", size = 84881 },
    { url = "https://files.pythonhosted.org/packages/4a/3d/32dbb382f31ac6fd0bfe6d624eb130c33cda6b452bc981d05fa66a36821a/bitstruct-8.21.0-cp312-cp312-manylinux_2_17_armv7l.manylinux2014_armv7l.manylinux_2_31_armv7l.whl", hash = "sha256:64734ad9df02f366f6f60cc0dd20368f64e9e8d9fb739b19fc6acfd3c17e1c22", size = 87456 },
    { url = "https://files.pythonhosted.org/packages/2b/b3/b2508269f443a20dbf528fb353332ccddb8824ec70853551c8cbc93d8ea6/bitstruct-8.21.0-cp312-cp312-manylinux_2_17_x86_64.manylinux2014_x86_64.whl", hash = "sha256:a8c18a9d6f5b5164ce18c2b764b0974f36809419f7084def7882b9ba411614bf", size = 83738 },
    { url = "https://files.pythonhosted.org/packages/f0/10/b65e288b0603ae7fb1e2efe9650a9bd48dfd1e6351625e48a87831d9d3af/bitstruct-8.21.0-cp312-cp312-manylinux_2_5_i686.manylinux1_i686.manylinux_2_17_i686.manylinux2014_i686.whl", hash = "sha256:08aef3b4652183315ce44cebb48c6a9bac4d6f3516757e072557e0eb7ed361a8", size = 78068 },
    { url = "https://files.pythonhosted.org/packages/d5/c8/541ad41960a9458bceb15cf1943180aeb6b5275417695f653d1880bae701/bitstruct-8.21.0-cp312-cp312-musllinux_1_2_aarch64.whl", hash = "sha256:9d93b09fdc8aa503c2e8f3a68ee33e9bd3c4147de361ac3a92318f5465d4e234", size = 81721 },
    { url = "https://files.pythonhosted.org/packages/f7/bb/bb81392d1afb856ce89c3f8aea2f8d58ab7c27b9b36819232406e9a839d6/bitstruct-8.21.0-cp312-cp312-musllinux_1_2_armv7l.whl", hash = "sha256:9cfe200b35e618517af8e3827cf7a9b508015f391d4a7bb02f71be71e3be4581", size = 78260 },
    { url = "https://files.pythonhosted.org/packages/39/29/81742366a9dd43317113cda0f6d094c092a5a65191a43cad7a78144a0dcb/bitstruct-8.21.0-cp312-cp312-musllinux_1_2_i686.whl", hash = "sha256:0e08bbb442d0cb36f993ff2756b68332b0d19eae4775f63c29ca29ccd95a7fc1", size = 76075 },
    { url = "https://files.pythonhosted.org/packages/8e/72/953225f5925de89f1e69f49f09e685ad11c567c1b64ca1c842063e0b90c8/bitstruct-8.21.0-cp312-cp312-musllinux_1_2_x86_64.whl", hash = "sha256:5e803bb72bf786295dadf8c38b82f5e5339abf4eae8929b042f79580e071b411", size = 81234 },
    { url = "https://files.pythonhosted.org/packages/ee/44/619c685bf775325c19437f5a8675bc1abd9b47dc8294b56fb05260e6ffc1/bitstruct-8.21.0-cp312-cp312-win32.whl", hash = "sha256:ffd0aefc9fc5f31cf02afea2ae93a38fe8c4785102aca9b6a40d33f44df1419b", size = 34810 },
    { url = "https://files.pythonhosted.org/packages/ec/6f/a466e73cffe390da29ca82e344c6973640ea035cefc8e342f8d977898bf3/bitstruct-8.21.0-cp312-cp312-win_amd64.whl", hash = "sha256:516bdd523f3955630fcf21bed40007e49384904248ce9b232339f1307320dcce", size = 36932 },
    { url = "https://files.pythonhosted.org/packages/0c/25/859028eaa6cbf66504d7aecc71e3bd6f6bac3193fb6ec233be0a85067ea8/bitstruct-8.21.0-cp313-cp313-macosx_10_13_x86_64.whl", hash = "sha256:55c114181188984cd214b432ea791c1c1d463d66b745e4d98451f214bc70a913", size = 38182 },
    { url = "https://files.pythonhosted.org/packages/02/00/bbc2d706207436b61ef5cf7d695c822e5e616b3a8a2f6bb72322dba19e85/bitstruct-8.21.0-cp313-cp313-macosx_11_0_arm64.whl", hash = "sha256:8eba4a6b62d5fb27a7256268e5ae72d5698aa05f6600bcf8ac8e4ed7dc0257fe", size = 38473 },
    { url = "https://files.pythonhosted.org/packages/58/fd/b2df4df5e882fbf19b0064f6cdebc84c44476005121ed324d17517dbb2bd/bitstruct-8.21.0-cp313-cp313-manylinux_2_17_aarch64.manylinux2014_aarch64.whl", hash = "sha256:5661d549dbd7222dc8c8ca0642ba119663b8989cec84ca897a00f8f8eae05666", size = 84840 },
    { url = "https://files.pythonhosted.org/packages/29/0b/c0303d4a868de68dfba7a3ed7f03e79770c5288896205eba4fb93f934760/bitstruct-8.21.0-cp313-cp313-manylinux_2_17_armv7l.manylinux2014_armv7l.manylinux_2_31_armv7l.whl", hash = "sha256:7f2c5b8a0fae90432312df763f4798ee0bf280a88f87e83b461aa0d62c2a40a6", size = 86084 },
    { url = "https://files.pythonhosted.org/packages/f9/3d/2fc35185f25dd14623b95413abd1bae325bc2cbf811cc77da59a31db2f25/bitstruct-8.21.0-cp313-cp313-manylinux_2_17_x86_64.manylinux2014_x86_64.whl", hash = "sha256:8b2325c5480474c6ecda1e61ffc5e0d2ce2b87c7125dd108ab6c2457fd36d30d", size = 83654 },
    { url = "https://files.pythonhosted.org/packages/f0/4c/26fea1d4ab16cd10dbea1085f440ddcc7377d8d631a2e91d7d96ac788ece/bitstruct-8.21.0-cp313-cp313-manylinux_2_5_i686.manylinux1_i686.manylinux_2_17_i686.manylinux2014_i686.whl", hash = "sha256:19fd5a131a9f96e428ed9b96b770fbac6b18d6a90b40c8290af9a7ad1875c7b1", size = 78018 },
    { url = "https://files.pythonhosted.org/packages/c3/66/3aaa0c7678958dbd70f29e8429f51f1cb10363c4ee21f4c66f761e6a4497/bitstruct-8.21.0-cp313-cp313-musllinux_1_2_aarch64.whl", hash = "sha256:f413d7854081669dfdbd57ab444066ac81fa2277204eed4a03ed7bb750ecc7d5", size = 81778 },
    { url = "https://files.pythonhosted.org/packages/8c/d3/8c93a7acbbefa6918f845a8ff68825ddfd21d3fe2de3240d69c957ae57de/bitstruct-8.21.0-cp313-cp313-musllinux_1_2_armv7l.whl", hash = "sha256:b88912f6942cc6a952a910bfb382b0883717e82a96d20e9bc80e20605373d5bb", size = 78316 },
    { url = "https://files.pythonhosted.org/packages/83/c2/976642a7f339e4835e8ff7478edd9137ff4c99dc5134a4867fd0266e3659/bitstruct-8.21.0-cp313-cp313-musllinux_1_2_i686.whl", hash = "sha256:bf0ea3876f3c02999c0f32a200e8871b0e6822351be60d4524f8526cfc24018a", size = 76127 },
    { url = "https://files.pythonhosted.org/packages/72/58/aed86d66c492475e5d3d3be95938c9ce09fcf79a460b6fc425a7bc885608/bitstruct-8.21.0-cp313-cp313-musllinux_1_2_x86_64.whl", hash = "sha256:efcd8ecbd52e97701ff4cdb68c6d6ec423fc6c90ad9d0d95c171c6630df645e5", size = 81283 },
    { url = "https://files.pythonhosted.org/packages/24/81/9eec9e530ef7102f26fdcec2f6a51242332a6cacf6fc715ec88378b61682/bitstruct-8.21.0-cp313-cp313-win32.whl", hash = "sha256:403bb9f4ed45decdb8d20143c59b780d953201cdf2e3567e5e608da807f1aa1f", size = 34812 },
    { url = "https://files.pythonhosted.org/packages/66/1d/32e5f22ca15e2f626fa7afd404d84341bdc05a7cc30d1e8517f399762e8b/bitstruct-8.21.0-cp313-cp313-win_amd64.whl", hash = "sha256:91c34823a6bcff40a2b482b298c62e01cc2f5c11f32f6d3cf94ca9cfbf3ae75d", size = 36931 },
]

[[package]]
name = "et-xmlfile"
version = "2.0.0"
source = { registry = "https://pypi.org/simple" }
sdist = { url = "https://files.pythonhosted.org/packages/d3/38/af70d7ab1ae9d4da450eeec1fa3918940a5fafb9055e934af8d6eb0c2313/et_xmlfile-2.0.0.tar.gz", hash = "sha256:dab3f4764309081ce75662649be815c4c9081e88f0837825f90fd28317d4da54", size = 17234 }
wheels = [
    { url = "https://files.pythonhosted.org/packages/c1/8b/5fe2cc11fee489817272089c4203e679c63b570a5aaeb18d852ae3cbba6a/et_xmlfile-2.0.0-py3-none-any.whl", hash = "sha256:7a91720bc756843502c3b7504c77b8fe44217c85c537d85037f0f536151b2caa", size = 18059 },
]

[[package]]
name = "fit-kit"
version = "0.1.0"
source = { virtual = "." }
dependencies = [
    { name = "bitstruct" },
    { name = "openpyxl" },
]

[package.metadata]
requires-dist = [
    { name = "bitstruct", specifier = ">=8.21.0" },
    { name = "openpyxl", specifier = ">=3.1.5" },
]

[[package]]
name = "openpyxl"
version = "3.1.5"
source = { registry = "https://pypi.org/simple" }
dependencies = [
    { name = "et-xmlfile" },
]
sdist = { url = "https://files.pythonhosted.org/packages/3d/f9/88d94a75de065ea32619465d2f77b29a0469500e99012523b91cc4141cd1/openpyxl-3.1.5.tar.gz", hash = "sha256:cf0e3cf56142039133628b5acffe8ef0c12bc902d2aadd3e0fe5878dc08d1050", size = 186464 }
wheels = [
    { url = "https://files.pythonhosted.org/packages/c0/da/977ded879c29cbd04de313843e76868e6e13408a94ed6b987245dc7c8506/openpyxl-3.1.5-py2.py3-none-any.whl", hash = "sha256:5282c12b107bffeef825f4617dc029afaf41d0ea60823bbb665ef3079dc79de2", size = 250910 },
]
